PODS:
  - Charts (2.2.5):
    - Charts/Core (= 2.2.5)
  - Charts/Core (2.2.5)
  - CVCalendar (1.2.9)
  - Realm (1.0.1):
    - Realm/Headers (= 1.0.1)
  - Realm/Headers (1.0.1)
  - RealmSwift (1.0.1):
    - Realm (= 1.0.1)
  - SCLAlertView (0.5.9)

DEPENDENCIES:
  - Charts
  - CVCalendar
  - RealmSwift
  - SCLAlertView

SPEC CHECKSUMS:
  Charts: b48fcc8d7190de910ff9e9748f5360c8ea7856e5
  CVCalendar: 0799256e0bc3b43e83b7e86c0729ce9ff0624cb6
  Realm: 2e15e39d35b08abb529e212ed5d8af107b5236c8
  RealmSwift: d73ea2af08c3676dbdd5e4b669651a0f492162a4
  SCLAlertView: d7c6a48c7d340e60206d4ed0e8ebcbff3b9d2a44

COCOAPODS: 0.39.0
